// !$*UTF8*$!
{
	archiveVersion = 1;
	classes = {
	};
	objectVersion = 46;
	objects = {

/* Begin PBXBuildFile section */
		B7A4B7041CC5C20000A879C0 /* AppDelegate.swift in Sources */ = {isa = PBXBuildFile; fileRef = B7A4B7031CC5C20000A879C0 /* AppDelegate.swift */; };
		B7A4B7061CC5C20000A879C0 /* ViewController.swift in Sources */ = {isa = PBXBuildFile; fileRef = B7A4B7051CC5C20000A879C0 /* ViewController.swift */; };
		B7A4B7091CC5C20000A879C0 /* Main.storyboard in Resources */ = {isa = PBXBuildFile; fileRef = B7A4B7071CC5C20000A879C0 /* Main.storyboard */; };
		B7A4B70B1CC5C20000A879C0 /* Assets.xcassets in Resources */ = {isa = PBXBuildFile; fileRef = B7A4B70A1CC5C20000A879C0 /* Assets.xcassets */; };
		B7A4B70E1CC5C20000A879C0 /* LaunchScreen.storyboard in Resources */ = {isa = PBXBuildFile; fileRef = B7A4B70C1CC5C20000A879C0 /* LaunchScreen.storyboard */; };
		B7A4B7161CC5C23900A879C0 /* FXWheelView.swift in Sources */ = {isa = PBXBuildFile; fileRef = B7A4B7151CC5C23900A879C0 /* FXWheelView.swift */; };
		B7A4B71C1CC5D2B600A879C0 /* 5.jpg in Resources */ = {isa = PBXBuildFile; fileRef = B7A4B7171CC5D2B600A879C0 /* 5.jpg */; };
		B7A4B71D1CC5D2B600A879C0 /* 6.jpg in Resources */ = {isa = PBXBuildFile; fileRef = B7A4B7181CC5D2B600A879C0 /* 6.jpg */; };
		B7A4B7241CC6019800A879C0 /* 4.jpg in Resources */ = {isa = PBXBuildFile; fileRef = B7A4B7221CC6019800A879C0 /* 4.jpg */; };
		B7A4B7251CC6019800A879C0 /* 7.jpg in Resources */ = {isa = PBXBuildFile; fileRef = B7A4B7231CC6019800A879C0 /* 7.jpg */; };
		B7A4B7291CC60EC200A879C0 /* 1.jpg in Resources */ = {isa = PBXBuildFile; fileRef = B7A4B7261CC60EC200A879C0 /* 1.jpg */; };
		B7A4B72A1CC60EC200A879C0 /* 2.jpg in Resources */ = {isa = PBXBuildFile; fileRef = B7A4B7271CC60EC200A879C0 /* 2.jpg */; };
		B7A4B72B1CC60EC200A879C0 /* 3.jpg in Resources */ = {isa = PBXBuildFile; fileRef = B7A4B7281CC60EC200A879C0 /* 3.jpg */; };
/* End PBXBuildFile section */

/* Begin PBXFileReference section */
		B7A4B7001CC5C20000A879C0 /* FXImageWheel.app */ = {isa = PBXFileReference; explicitFileType = wrapper.application; includeInIndex = 0; path = FXImageWheel.app; sourceTree = BUILT_PRODUCTS_DIR; };
		B7A4B7031CC5C20000A879C0 /* AppDelegate.swift */ = {isa = PBXFileReference; lastKnownFileType = sourcecode.swift; path = AppDelegate.swift; sourceTree = "<group>"; };
		B7A4B7051CC5C20000A879C0 /* ViewController.swift */ = {isa = PBXFileReference; lastKnownFileType = sourcecode.swift; path = ViewController.swift; sourceTree = "<group>"; };
		B7A4B7081CC5C20000A879C0 /* Base */ = {isa = PBXFileReference; lastKnownFileType = file.storyboard; name = Base; path = Base.lproj/Main.storyboard; sourceTree = "<group>"; };
		B7A4B70A1CC5C20000A879C0 /* Assets.xcassets */ = {isa = PBXFileReference; lastKnownFileType = folder.assetcatalog; path = Assets.xcassets; sourceTree = "<group>"; };
		B7A4B70D1CC5C20000A879C0 /* Base */ = {isa = PBXFileReference; lastKnownFileType = file.storyboard; name = Base; path = Base.lproj/LaunchScreen.storyboard; sourceTree = "<group>"; };
		B7A4B70F1CC5C20000A879C0 /* Info.plist */ = {isa = PBXFileReference; lastKnownFileType = text.plist.xml; path = Info.plist; sourceTree = "<group>"; };
		B7A4B7151CC5C23900A879C0 /* FXWheelView.swift */ = {isa = PBXFileReference; fileEncoding = 4; lastKnownFileType = sourcecode.swift; path = FXWheelView.swift; sourceTree = "<group>"; };
		B7A4B7171CC5D2B600A879C0 /* 5.jpg */ = {isa = PBXFileReference; lastKnownFileType = image.jpeg; path = 5.jpg; sourceTree = "<group>"; };
		B7A4B7181CC5D2B600A879C0 /* 6.jpg */ = {isa = PBXFileReference; lastKnownFileType = image.jpeg; path = 6.jpg; sourceTree = "<group>"; };
		B7A4B7221CC6019800A879C0 /* 4.jpg */ = {isa = PBXFileReference; lastKnownFileType = image.jpeg; path = 4.jpg; sourceTree = "<group>"; };
		B7A4B7231CC6019800A879C0 /* 7.jpg */ = {isa = PBXFileReference; lastKnownFileType = image.jpeg; path = 7.jpg; sourceTree = "<group>"; };
		B7A4B7261CC60EC200A879C0 /* 1.jpg */ = {isa = PBXFileReference; lastKnownFileType = image.jpeg; path = 1.jpg; sourceTree = "<group>"; };
		B7A4B7271CC60EC200A879C0 /* 2.jpg */ = {isa = PBXFileReference; lastKnownFileType = image.jpeg; path = 2.jpg; sourceTree = "<group>"; };
		B7A4B7281CC60EC200A879C0 /* 3.jpg */ = {isa = PBXFileReference; lastKnownFileType = image.jpeg; path = 3.jpg; sourceTree = "<group>"; };
/* End PBXFileReference section */

/* Begin PBXFrameworksBuildPhase section */
		B7A4B6FD1CC5C20000A879C0 /* Frameworks */ = {
			isa = PBXFrameworksBuildPhase;
			buildActionMask = 2147483647;
			files = (
			);
			runOnlyForDeploymentPostprocessing = 0;
		};
/* End PBXFrameworksBuildPhase section */

/* Begin PBXGroup section */
		B7A4B6F71CC5C20000A879C0 = {
			isa = PBXGroup;
			children = (
				B7A4B7021CC5C20000A879C0 /* FXImageWheel */,
				B7A4B7011CC5C20000A879C0 /* Products */,
			);
			sourceTree = "<group>";
		};
		B7A4B7011CC5C20000A879C0 /* Products */ = {
			isa = PBXGroup;
			children = (
				B7A4B7001CC5C20000A879C0 /* FXImageWheel.app */,
			);
			name = Products;
			sourceTree = "<group>";
		};
		B7A4B7021CC5C20000A879C0 /* FXImageWheel */ = {
			isa = PBXGroup;
			children = (
				B7A4B7211CC5D2BF00A879C0 /* img */,
				B7A4B7031CC5C20000A879C0 /* AppDelegate.swift */,
				B7A4B7051CC5C20000A879C0 /* ViewController.swift */,
				B7A4B7151CC5C23900A879C0 /* FXWheelView.swift */,
				B7A4B7071CC5C20000A879C0 /* Main.storyboard */,
				B7A4B70A1CC5C20000A879C0 /* Assets.xcassets */,
				B7A4B70C1CC5C20000A879C0 /* LaunchScreen.storyboard */,
				B7A4B70F1CC5C20000A879C0 /* Info.plist */,
			);
			path = FXImageWheel;
			sourceTree = "<group>";
		};
		B7A4B7211CC5D2BF00A879C0 /* img */ = {
			isa = PBXGroup;
			children = (
				B7A4B7261CC60EC200A879C0 /* 1.jpg */,
				B7A4B7271CC60EC200A879C0 /* 2.jpg */,
				B7A4B7281CC60EC200A879C0 /* 3.jpg */,
				B7A4B7221CC6019800A879C0 /* 4.jpg */,
				B7A4B7171CC5D2B600A879C0 /* 5.jpg */,
				B7A4B7181CC5D2B600A879C0 /* 6.jpg */,
				B7A4B7231CC6019800A879C0 /* 7.jpg */,
			);
			name = img;
			sourceTree = "<group>";
		};
/* End PBXGroup section */

/* Begin PBXNativeTarget section */
		B7A4B6FF1CC5C20000A879C0 /* FXImageWheel */ = {
			isa = PBXNativeTarget;
			buildConfigurationList = B7A4B7121CC5C20000A879C0 /* Build configuration list for PBXNativeTarget "FXImageWheel" */;
			buildPhases = (
				B7A4B6FC1CC5C20000A879C0 /* Sources */,
				B7A4B6FD1CC5C20000A879C0 /* Frameworks */,
				B7A4B6FE1CC5C20000A879C0 /* Resources */,
			);
			buildRules = (
			);
			dependencies = (
			);
			name = FXImageWheel;
			productName = FXImageWheel;
			productReference = B7A4B7001CC5C20000A879C0 /* FXImageWheel.app */;
			productType = "com.apple.product-type.application";
		};
/* End PBXNativeTarget section */

/* Begin PBXProject section */
		B7A4B6F81CC5C20000A879C0 /* Project object */ = {
			isa = PBXProject;
			attributes = {
				LastSwiftUpdateCheck = 0720;
				LastUpgradeCheck = 0720;
				ORGANIZATIONNAME = Wind;
				TargetAttributes = {
					B7A4B6FF1CC5C20000A879C0 = {
						CreatedOnToolsVersion = 7.2.1;
					};
				};
			};
			buildConfigurationList = B7A4B6FB1CC5C20000A879C0 /* Build configuration list for PBXProject "FXImageWheel" */;
			compatibilityVersion = "Xcode 3.2";
			developmentRegion = English;
			hasScannedForEncodings = 0;
			knownRegions = (
				en,
				Base,
			);
			mainGroup = B7A4B6F71CC5C20000A879C0;
			productRefGroup = B7A4B7011CC5C20000A879C0 /* Products */;
			projectDirPath = "";
			projectRoot = "";
			targets = (
				B7A4B6FF1CC5C20000A879C0 /* FXImageWheel */,
			);
		};
/* End PBXProject section */

/* Begin PBXResourcesBuildPhase section */
		B7A4B6FE1CC5C20000A879C0 /* Resources */ = {
			isa = PBXResourcesBuildPhase;
			buildActionMask = 2147483647;
			files = (
				B7A4B70E1CC5C20000A879C0 /* LaunchScreen.storyboard in Resources */,
				B7A4B7241CC6019800A879C0 /* 4.jpg in Resources */,
				B7A4B71C1CC5D2B600A879C0 /* 5.jpg in Resources */,
				B7A4B72A1CC60EC200A879C0 /* 2.jpg in Resources */,
				B7A4B7251CC6019800A879C0 /* 7.jpg in Resources */,
				B7A4B72B1CC60EC200A879C0 /* 3.jpg in Resources */,
				B7A4B70B1CC5C20000A879C0 /* Assets.xcassets in Resources */,
				B7A4B7291CC60EC200A879C0 /* 1.jpg in Resources */,
				B7A4B7091CC5C20000A879C0 /* Main.storyboard in Resources */,
				B7A4B71D1CC5D2B600A879C0 /* 6.jpg in Resources */,
			);
			runOnlyForDeploymentPostprocessing = 0;
		};
/* End PBXResourcesBuildPhase section */

/* Begin PBXSourcesBuildPhase section */
		B7A4B6FC1CC5C20000A879C0 /* Sources */ = {
			isa = PBXSourcesBuildPhase;
			buildActionMask = 2147483647;
			files = (
				B7A4B7061CC5C20000A879C0 /* ViewController.swift in Sources */,
				B7A4B7041CC5C20000A879C0 /* AppDelegate.swift in Sources */,
				B7A4B7161CC5C23900A879C0 /* FXWheelView.swift in Sources */,
			);
			runOnlyForDeploymentPostprocessing = 0;
		};
/* End PBXSourcesBuildPhase section */

/* Begin PBXVariantGroup section */
		B7A4B7071CC5C20000A879C0 /* Main.storyboard */ = {
			isa = PBXVariantGroup;
			children = (
				B7A4B7081CC5C20000A879C0 /* Base */,
			);
			name = Main.storyboard;
			sourceTree = "<group>";
		};
		B7A4B70C1CC5C20000A879C0 /* LaunchScreen.storyboard */ = {
			isa = PBXVariantGroup;
			children = (
				B7A4B70D1CC5C20000A879C0 /* Base */,
			);
			name = LaunchScreen.storyboard;
			sourceTree = "<group>";
		};
/* End PBXVariantGroup section */

/* Begin XCBuildConfiguration section */
		B7A4B7101CC5C20000A879C0 /* Debug */ = {
			isa = XCBuildConfiguration;
			buildSettings = {
				ALWAYS_SEARCH_USER_PATHS = NO;
				CLANG_CXX_LANGUAGE_STANDARD = "gnu++0x";
				CLANG_CXX_LIBRARY = "libc++";
				CLANG_ENABLE_MODULES = YES;
				CLANG_ENABLE_OBJC_ARC = YES;
				CLANG_WARN_BOOL_CONVERSION = YES;
				CLANG_WARN_CONSTANT_CONVERSION = YES;
				CLANG_WARN_DIRECT_OBJC_ISA_USAGE = YES_ERROR;
				CLANG_WARN_EMPTY_BODY = YES;
				CLANG_WARN_ENUM_CONVERSION = YES;
				CLANG_WARN_INT_CONVERSION = YES;
				CLANG_WARN_OBJC_ROOT_CLASS = YES_ERROR;
				CLANG_WARN_UNREACHABLE_CODE = YES;
				CLANG_WARN__DUPLICATE_METHOD_MATCH = YES;
				"CODE_SIGN_IDENTITY[sdk=iphoneos*]" = "iPhone Developer";
				COPY_PHASE_STRIP = NO;
				DEBUG_INFORMATION_FORMAT = dwarf;
				ENABLE_STRICT_OBJC_MSGSEND = YES;
				ENABLE_TESTABILITY = YES;
				GCC_C_LANGUAGE_STANDARD = gnu99;
				GCC_DYNAMIC_NO_PIC = NO;
				GCC_NO_COMMON_BLOCKS = YES;
				GCC_OPTIMIZATION_LEVEL = 0;
				GCC_PREPROCESSOR_DEFINITIONS = (
					"DEBUG=1",
					"$(inherited)",
				);
				GCC_WARN_64_TO_32_BIT_CONVERSION = YES;
				GCC_WARN_ABOUT_RETURN_TYPE = YES_ERROR;
				GCC_WARN_UNDECLARED_SELECTOR = YES;
				GCC_WARN_UNINITIALIZED_AUTOS = YES_AGGRESSIVE;
				GCC_WARN_UNUSED_FUNCTION = YES;
				GCC_WARN_UNUSED_VARIABLE = YES;
				IPHONEOS_DEPLOYMENT_TARGET = 9.2;
				MTL_ENABLE_DEBUG_INFO = YES;
				ONLY_ACTIVE_ARCH = YES;
				SDKROOT = iphoneos;
				SWIFT_OPTIMIZATION_LEVEL = "-Onone";
				TARGETED_DEVICE_FAMILY = "1,2";
			};
			name = Debug;
		};
		B7A4B7111CC5C20000A879C0 /* Release */ = {
			isa = XCBuildConfiguration;
			buildSettings = {
				ALWAYS_SEARCH_USER_PATHS = NO;
				CLANG_CXX_LANGUAGE_STANDARD = "gnu++0x";
				CLANG_CXX_LIBRARY = "libc++";
				CLANG_ENABLE_MODULES = YES;
				CLANG_ENABLE_OBJC_ARC = YES;
				CLANG_WARN_BOOL_CONVERSION = YES;
				CLANG_WARN_CONSTANT_CONVERSION = YES;
				CLANG_WARN_DIRECT_OBJC_ISA_USAGE = YES_ERROR;
				CLANG_WARN_EMPTY_BODY = YES;
				CLANG_WARN_ENUM_CONVERSION = YES;
				CLANG_WARN_INT_CONVERSION = YES;
				CLANG_WARN_OBJC_ROOT_CLASS = YES_ERROR;
				CLANG_WARN_UNREACHABLE_CODE = YES;
				CLANG_WARN__DUPLICATE_METHOD_MATCH = YES;
				"CODE_SIGN_IDENTITY[sdk=iphoneos*]" = "iPhone Developer";
				COPY_PHASE_STRIP = NO;
				DEBUG_INFORMATION_FORMAT = "dwarf-with-dsym";
				ENABLE_NS_ASSERTIONS = NO;
				ENABLE_STRICT_OBJC_MSGSEND = YES;
				GCC_C_LANGUAGE_STANDARD = gnu99;
				GCC_NO_COMMON_BLOCKS = YES;
				GCC_WARN_64_TO_32_BIT_CONVERSION = YES;
				GCC_WARN_ABOUT_RETURN_TYPE = YES_ERROR;
				GCC_WARN_UNDECLARED_SELECTOR = YES;
				GCC_WARN_UNINITIALIZED_AUTOS = YES_AGGRESSIVE;
				GCC_WARN_UNUSED_FUNCTION = YES;
				GCC_WARN_UNUSED_VARIABLE = YES;
				IPHONEOS_DEPLOYMENT_TARGET = 9.2;
				MTL_ENABLE_DEBUG_INFO = NO;
				SDKROOT = iphoneos;
				TARGETED_DEVICE_FAMILY = "1,2";
				VALIDATE_PRODUCT = YES;
			};
			name = Release;
		};
		B7A4B7131CC5C20000A879C0 /* Debug */ = {
			isa = XCBuildConfiguration;
			buildSettings = {
				ASSETCATALOG_COMPILER_APPICON_NAME = AppIcon;
				INFOPLIST_FILE = FXImageWheel/Info.plist;
				LD_RUNPATH_SEARCH_PATHS = "$(inherited) @executable_path/Frameworks";
				PRODUCT_BUNDLE_IDENTIFIER = Lengyixiao.FXImageWheel;
				PRODUCT_NAME = "$(TARGET_NAME)";
			};
			name = Debug;
		};
		B7A4B7141CC5C20000A879C0 /* Release */ = {
			isa = XCBuildConfiguration;
			buildSettings = {
				ASSETCATALOG_COMPILER_APPICON_NAME = AppIcon;
				INFOPLIST_FILE = FXImageWheel/Info.plist;
				LD_RUNPATH_SEARCH_PATHS = "$(inherited) @executable_path/Frameworks";
				PRODUCT_BUNDLE_IDENTIFIER = Lengyixiao.FXImageWheel;
				PRODUCT_NAME = "$(TARGET_NAME)";
			};
			name = Release;
		};
/* End XCBuildConfiguration section */

/* Begin XCConfigurationList section */
		B7A4B6FB1CC5C20000A879C0 /* Build configuration list for PBXProject "FXImageWheel" */ = {
			isa = XCConfigurationList;
			buildConfigurations = (
				B7A4B7101CC5C20000A879C0 /* Debug */,
				B7A4B7111CC5C20000A879C0 /* Release */,
			);
			defaultConfigurationIsVisible = 0;
			defaultConfigurationName = Release;
		};
		B7A4B7121CC5C20000A879C0 /* Build configuration list for PBXNativeTarget "FXImageWheel" */ = {
			isa = XCConfigurationList;
			buildConfigurations = (
				B7A4B7131CC5C20000A879C0 /* Debug */,
				B7A4B7141CC5C20000A879C0 /* Release */,
			);
			defaultConfigurationIsVisible = 0;
		};
/* End XCConfigurationList section */
	};
	rootObject = B7A4B6F81CC5C20000A879C0 /* Project object */;
}
